PODS:
  - Alamofire (4.9.0)
  - IQKeyboardManagerSwift (6.5.1)
  - SwiftyJSON (4.3.0)

DEPENDENCIES:
  - Alamofire
  - IQKeyboardManagerSwift
  - SwiftyJSON (~> 4.0)

SPEC REPOS:
  trunk:
    - Alamofire
    - IQKeyboardManagerSwift
    - SwiftyJSON

SPEC CHECKSUMS:
  Alamofire: afc3e7c6db61476cb45cdd23fed06bad03bbc321
  IQKeyboardManagerSwift: 9ac7524fad9f9fe9a3b98c927e7772471ca546d2
  SwiftyJSON: 6faa0040f8b59dead0ee07436cbf76b73c08fd08

PODFILE CHECKSUM: 1a63d8ad3e89b5443e90719a0b44ccecb13a196c

COCOAPODS: 1.8.4
